
Microsoft Visual Studio Solution File, Format Version 12.00
# Visual Studio Version 17
VisualStudioVersion = 17.3.32825.248
MinimumVisualStudioVersion = 10.0.40219.1
Project("{9A19103F-16F7-4668-BE54-9A1E7A4F7556}") = "DevGpt.Console", "DevGpt.Console\DevGpt.Console.csproj", "{D2CA624E-A583-4874-B1C1-8B2682C84DFC}"
EndProject
Project("{9A19103F-16F7-4668-BE54-9A1E7A4F7556}") = "DevGpt.Test", "DevGpt.Test\DevGpt.Test.csproj", "{29B98480-D823-4427-9F04-AD71E96D16B1}"
EndProject
Project("{9A19103F-16F7-4668-BE54-9A1E7A4F7556}") = "DevGpt.Commands.Pdf", "DevGpt.Commands.Pdf\DevGpt.Commands.Pdf.csproj", "{C4BB93D1-D6DB-41F5-8E4B-77BDA15813D4}"
EndProject
Project("{9A19103F-16F7-4668-BE54-9A1E7A4F7556}") = "DevGpt.Models", "DevGpt.Models\DevGpt.Models.csproj", "{85F8D154-6829-45E6-B2F7-CBF83E16055C}"
EndProject
Project("{9A19103F-16F7-4668-BE54-9A1E7A4F7556}") = "DevGpt.Commands.Pdf.Test", "DevGpt.Commands.Pdf.Test\DevGpt.Commands.Pdf.Test.csproj", "{8E002428-EA9A-4692-91CA-04DE50FC872C}"
EndProject
Project("{9A19103F-16F7-4668-BE54-9A1E7A4F7556}") = "DevGpt.Commands.Web", "DevGpt.Commands.Web\DevGpt.Commands.Web.csproj", "{B38020BF-D6AF-4F27-BD20-1E779378D3BC}"
EndProject
Project("{9A19103F-16F7-4668-BE54-9A1E7A4F7556}") = "DevGpt.Commands", "DevGpt.Commands\DevGpt.Commands.csproj", "{72C3A2DB-6364-4899-A4AD-553C880EA99E}"
EndProject
Project("{9A19103F-16F7-4668-BE54-9A1E7A4F7556}") = "DevGpt.OpenAI.RedisCache", "DevGpt.OpenAI.RedisCache\DevGpt.OpenAI.RedisCache.csproj", "{E2152E03-9719-45CE-BCB4-6A34F35A2412}"
EndProject
Project("{9A19103F-16F7-4668-BE54-9A1E7A4F7556}") = "DevGpt.OpenAI.RedisCache.Test", "DevGpt.OpenAI.RedisCache.Test\DevGpt.OpenAI.RedisCache.Test.csproj", "{2C7AFF1C-A4A4-452D-BEB4-8398821F4284}"
EndProject
Project("{9A19103F-16F7-4668-BE54-9A1E7A4F7556}") = "DevGpt.Commands.Web.Test", "DevGpt.Commands.Web.Test\DevGpt.Commands.Web.Test.csproj", "{039FE5FB-13CE-4B03-98B6-B76F75E70148}"
EndProject
Project("{9A19103F-16F7-4668-BE54-9A1E7A4F7556}") = "DevGpt.OpenAI.Test", "DevGpt.OpenAI.Test\DevGpt.OpenAI.Test.csproj", "{3125A694-DFC1-42F6-9F9D-D1E5322F14EB}"
EndProject
Project("{9A19103F-16F7-4668-BE54-9A1E7A4F7556}") = "DevGpt.Images", "DevGpt.Images\DevGpt.Images.csproj", "{CE056E6C-980A-4672-B025-FE236DC18C61}"
EndProject
Project("{9A19103F-16F7-4668-BE54-9A1E7A4F7556}") = "DevGpt.OpenAIDotnet", "DevGpt.OpenAIDotnet\DevGpt.OpenAIDotnet.csproj", "{2C2813E8-BE92-44CB-87FC-5A55374932E8}"
EndProject
Project("{9A19103F-16F7-4668-BE54-9A1E7A4F7556}") = "DevGpt.Commands.Test", "DevGpt.Commands.Test\DevGpt.Commands.Test.csproj", "{E408F343-5E9A-4280-9600-DB5CB9DEC265}"
EndProject
Project("{9A19103F-16F7-4668-BE54-9A1E7A4F7556}") = "DevGpt.Commands.Web.Selenium", "DevGpt.Commands.Web.Selenium\DevGpt.Commands.Web.Selenium.csproj", "{3ECB4511-6DFD-4C73-B4CA-5CDE3145050D}"
EndProject
Project("{9A19103F-16F7-4668-BE54-9A1E7A4F7556}") = "DevGpt.Commands.Web.Selenium.Test", "DevGpt.Commands.Web.Selenium.Test\DevGpt.Commands.Web.Selenium.Test.csproj", "{AEC2C47D-41F7-4BBD-BC7C-6923ABF9C2D0}"
EndProject
Project("{9A19103F-16F7-4668-BE54-9A1E7A4F7556}") = "DevGpt.Anthropic", "DevGpt.Anthropic\DevGpt.Anthropic.csproj", "{8531949E-A350-450C-A258-AD7C02D484AB}"
EndProject
Project("{9A19103F-16F7-4668-BE54-9A1E7A4F7556}") = "DevGpt.Anthropic.Test", "DevGpt.Anthropic.Test\DevGpt.Anthropic.Test.csproj", "{0E027849-FBE5-4B72-A828-7975C55D9C16}"
EndProject
Project("{9A19103F-16F7-4668-BE54-9A1E7A4F7556}") = "Anthropic.SDK", "..\AntropicOriginal\Anthropic.SDK\Anthropic.SDK.csproj", "{20357F5C-DE40-4F6D-BDC2-999E766F0918}"
EndProject
Global
	GlobalSection(SolutionConfigurationPlatforms) = preSolution
		Debug|Any CPU = Debug|Any CPU
		Release|Any CPU = Release|Any CPU
	EndGlobalSection
	GlobalSection(ProjectConfigurationPlatforms) = postSolution
		{D2CA624E-A583-4874-B1C1-8B2682C84DFC}.Debug|Any CPU.ActiveCfg = Debug|Any CPU
		{D2CA624E-A583-4874-B1C1-8B2682C84DFC}.Debug|Any CPU.Build.0 = Debug|Any CPU
		{D2CA624E-A583-4874-B1C1-8B2682C84DFC}.Release|Any CPU.ActiveCfg = Release|Any CPU
		{D2CA624E-A583-4874-B1C1-8B2682C84DFC}.Release|Any CPU.Build.0 = Release|Any CPU
		{29B98480-D823-4427-9F04-AD71E96D16B1}.Debug|Any CPU.ActiveCfg = Debug|Any CPU
		{29B98480-D823-4427-9F04-AD71E96D16B1}.Debug|Any CPU.Build.0 = Debug|Any CPU
		{29B98480-D823-4427-9F04-AD71E96D16B1}.Release|Any CPU.ActiveCfg = Release|Any CPU
		{29B98480-D823-4427-9F04-AD71E96D16B1}.Release|Any CPU.Build.0 = Release|Any CPU
		{C4BB93D1-D6DB-41F5-8E4B-77BDA15813D4}.Debug|Any CPU.ActiveCfg = Debug|Any CPU
		{C4BB93D1-D6DB-41F5-8E4B-77BDA15813D4}.Debug|Any CPU.Build.0 = Debug|Any CPU
		{C4BB93D1-D6DB-41F5-8E4B-77BDA15813D4}.Release|Any CPU.ActiveCfg = Release|Any CPU
		{C4BB93D1-D6DB-41F5-8E4B-77BDA15813D4}.Release|Any CPU.Build.0 = Release|Any CPU
		{85F8D154-6829-45E6-B2F7-CBF83E16055C}.Debug|Any CPU.ActiveCfg = Debug|Any CPU
		{85F8D154-6829-45E6-B2F7-CBF83E16055C}.Debug|Any CPU.Build.0 = Debug|Any CPU
		{85F8D154-6829-45E6-B2F7-CBF83E16055C}.Release|Any CPU.ActiveCfg = Release|Any CPU
		{85F8D154-6829-45E6-B2F7-CBF83E16055C}.Release|Any CPU.Build.0 = Release|Any CPU
		{8E002428-EA9A-4692-91CA-04DE50FC872C}.Debug|Any CPU.ActiveCfg = Debug|Any CPU
		{8E002428-EA9A-4692-91CA-04DE50FC872C}.Debug|Any CPU.Build.0 = Debug|Any CPU
		{8E002428-EA9A-4692-91CA-04DE50FC872C}.Release|Any CPU.ActiveCfg = Release|Any CPU
		{8E002428-EA9A-4692-91CA-04DE50FC872C}.Release|Any CPU.Build.0 = Release|Any CPU
		{B38020BF-D6AF-4F27-BD20-1E779378D3BC}.Debug|Any CPU.ActiveCfg = Debug|Any CPU
		{B38020BF-D6AF-4F27-BD20-1E779378D3BC}.Debug|Any CPU.Build.0 = Debug|Any CPU
		{B38020BF-D6AF-4F27-BD20-1E779378D3BC}.Release|Any CPU.ActiveCfg = Release|Any CPU
		{B38020BF-D6AF-4F27-BD20-1E779378D3BC}.Release|Any CPU.Build.0 = Release|Any CPU
		{72C3A2DB-6364-4899-A4AD-553C880EA99E}.Debug|Any CPU.ActiveCfg = Debug|Any CPU
		{72C3A2DB-6364-4899-A4AD-553C880EA99E}.Debug|Any CPU.Build.0 = Debug|Any CPU
		{72C3A2DB-6364-4899-A4AD-553C880EA99E}.Release|Any CPU.ActiveCfg = Release|Any CPU
		{72C3A2DB-6364-4899-A4AD-553C880EA99E}.Release|Any CPU.Build.0 = Release|Any CPU
		{E2152E03-9719-45CE-BCB4-6A34F35A2412}.Debug|Any CPU.ActiveCfg = Debug|Any CPU
		{E2152E03-9719-45CE-BCB4-6A34F35A2412}.Debug|Any CPU.Build.0 = Debug|Any CPU
		{E2152E03-9719-45CE-BCB4-6A34F35A2412}.Release|Any CPU.ActiveCfg = Release|Any CPU
		{E2152E03-9719-45CE-BCB4-6A34F35A2412}.Release|Any CPU.Build.0 = Release|Any CPU
		{2C7AFF1C-A4A4-452D-BEB4-8398821F4284}.Debug|Any CPU.ActiveCfg = Debug|Any CPU
		{2C7AFF1C-A4A4-452D-BEB4-8398821F4284}.Debug|Any CPU.Build.0 = Debug|Any CPU
		{2C7AFF1C-A4A4-452D-BEB4-8398821F4284}.Release|Any CPU.ActiveCfg = Release|Any CPU
		{2C7AFF1C-A4A4-452D-BEB4-8398821F4284}.Release|Any CPU.Build.0 = Release|Any CPU
		{039FE5FB-13CE-4B03-98B6-B76F75E70148}.Debug|Any CPU.ActiveCfg = Debug|Any CPU
		{039FE5FB-13CE-4B03-98B6-B76F75E70148}.Debug|Any CPU.Build.0 = Debug|Any CPU
		{039FE5FB-13CE-4B03-98B6-B76F75E70148}.Release|Any CPU.ActiveCfg = Release|Any CPU
		{039FE5FB-13CE-4B03-98B6-B76F75E70148}.Release|Any CPU.Build.0 = Release|Any CPU
		{3125A694-DFC1-42F6-9F9D-D1E5322F14EB}.Debug|Any CPU.ActiveCfg = Debug|Any CPU
		{3125A694-DFC1-42F6-9F9D-D1E5322F14EB}.Debug|Any CPU.Build.0 = Debug|Any CPU
		{3125A694-DFC1-42F6-9F9D-D1E5322F14EB}.Release|Any CPU.ActiveCfg = Release|Any CPU
		{3125A694-DFC1-42F6-9F9D-D1E5322F14EB}.Release|Any CPU.Build.0 = Release|Any CPU
		{CE056E6C-980A-4672-B025-FE236DC18C61}.Debug|Any CPU.ActiveCfg = Debug|Any CPU
		{CE056E6C-980A-4672-B025-FE236DC18C61}.Debug|Any CPU.Build.0 = Debug|Any CPU
		{CE056E6C-980A-4672-B025-FE236DC18C61}.Release|Any CPU.ActiveCfg = Release|Any CPU
		{CE056E6C-980A-4672-B025-FE236DC18C61}.Release|Any CPU.Build.0 = Release|Any CPU
		{2C2813E8-BE92-44CB-87FC-5A55374932E8}.Debug|Any CPU.ActiveCfg = Debug|Any CPU
		{2C2813E8-BE92-44CB-87FC-5A55374932E8}.Debug|Any CPU.Build.0 = Debug|Any CPU
		{2C2813E8-BE92-44CB-87FC-5A55374932E8}.Release|Any CPU.ActiveCfg = Release|Any CPU
		{2C2813E8-BE92-44CB-87FC-5A55374932E8}.Release|Any CPU.Build.0 = Release|Any CPU
		{E408F343-5E9A-4280-9600-DB5CB9DEC265}.Debug|Any CPU.ActiveCfg = Debug|Any CPU
		{E408F343-5E9A-4280-9600-DB5CB9DEC265}.Debug|Any CPU.Build.0 = Debug|Any CPU
		{E408F343-5E9A-4280-9600-DB5CB9DEC265}.Release|Any CPU.ActiveCfg = Release|Any CPU
		{E408F343-5E9A-4280-9600-DB5CB9DEC265}.Release|Any CPU.Build.0 = Release|Any CPU
		{3ECB4511-6DFD-4C73-B4CA-5CDE3145050D}.Debug|Any CPU.ActiveCfg = Debug|Any CPU
		{3ECB4511-6DFD-4C73-B4CA-5CDE3145050D}.Debug|Any CPU.Build.0 = Debug|Any CPU
		{3ECB4511-6DFD-4C73-B4CA-5CDE3145050D}.Release|Any CPU.ActiveCfg = Release|Any CPU
		{3ECB4511-6DFD-4C73-B4CA-5CDE3145050D}.Release|Any CPU.Build.0 = Release|Any CPU
		{AEC2C47D-41F7-4BBD-BC7C-6923ABF9C2D0}.Debug|Any CPU.ActiveCfg = Debug|Any CPU
		{AEC2C47D-41F7-4BBD-BC7C-6923ABF9C2D0}.Debug|Any CPU.Build.0 = Debug|Any CPU
		{AEC2C47D-41F7-4BBD-BC7C-6923ABF9C2D0}.Release|Any CPU.ActiveCfg = Release|Any CPU
		{AEC2C47D-41F7-4BBD-BC7C-6923ABF9C2D0}.Release|Any CPU.Build.0 = Release|Any CPU
		{8531949E-A350-450C-A258-AD7C02D484AB}.Debug|Any CPU.ActiveCfg = Debug|Any CPU
		{8531949E-A350-450C-A258-AD7C02D484AB}.Debug|Any CPU.Build.0 = Debug|Any CPU
		{8531949E-A350-450C-A258-AD7C02D484AB}.Release|Any CPU.ActiveCfg = Release|Any CPU
		{8531949E-A350-450C-A258-AD7C02D484AB}.Release|Any CPU.Build.0 = Release|Any CPU
		{0E027849-FBE5-4B72-A828-7975C55D9C16}.Debug|Any CPU.ActiveCfg = Debug|Any CPU
		{0E027849-FBE5-4B72-A828-7975C55D9C16}.Debug|Any CPU.Build.0 = Debug|Any CPU
		{0E027849-FBE5-4B72-A828-7975C55D9C16}.Release|Any CPU.ActiveCfg = Release|Any CPU
		{0E027849-FBE5-4B72-A828-7975C55D9C16}.Release|Any CPU.Build.0 = Release|Any CPU
		{20357F5C-DE40-4F6D-BDC2-999E766F0918}.Debug|Any CPU.ActiveCfg = Debug|Any CPU
		{20357F5C-DE40-4F6D-BDC2-999E766F0918}.Debug|Any CPU.Build.0 = Debug|Any CPU
		{20357F5C-DE40-4F6D-BDC2-999E766F0918}.Release|Any CPU.ActiveCfg = Release|Any CPU
		{20357F5C-DE40-4F6D-BDC2-999E766F0918}.Release|Any CPU.Build.0 = Release|Any CPU
	EndGlobalSection
	GlobalSection(SolutionProperties) = preSolution
		HideSolutionNode = FALSE
	EndGlobalSection
	GlobalSection(ExtensibilityGlobals) = postSolution
		SolutionGuid = {6584406E-4086-4F37-87D6-CB40F01F3699}
	EndGlobalSection
EndGlobal
