
Microsoft Visual Studio Solution File, Format Version 12.00
# Visual Studio Version 17
VisualStudioVersion = 17.3.32825.248
MinimumVisualStudioVersion = 10.0.40219.1
Project("{9A19103F-16F7-4668-BE54-9A1E7A4F7556}") = "DevGpt.Console", "DevGpt.Console\DevGpt.Console.csproj", "{D2CA624E-A583-4874-B1C1-8B2682C84DFC}"
EndProject
Project("{9A19103F-16F7-4668-BE54-9A1E7A4F7556}") = "DevGpt.Test", "DevGpt.Test\DevGpt.Test.csproj", "{29B98480-D823-4427-9F04-AD71E96D16B1}"
EndProject
Project("{9A19103F-16F7-4668-BE54-9A1E7A4F7556}") = "DevGpt.Commands.Pdf", "DevGpt.Commands.Pdf\DevGpt.Commands.Pdf.csproj", "{C4BB93D1-D6DB-41F5-8E4B-77BDA15813D4}"
EndProject
Project("{9A19103F-16F7-4668-BE54-9A1E7A4F7556}") = "DevGpt.Models", "DevGpt.Models\DevGpt.Models.csproj", "{85F8D154-6829-45E6-B2F7-CBF83E16055C}"
EndProject
Project("{9A19103F-16F7-4668-BE54-9A1E7A4F7556}") = "DevGpt.Commands.Pdf.Test", "DevGpt.Commands.Pdf.Test\DevGpt.Commands.Pdf.Test.csproj", "{8E002428-EA9A-4692-91CA-04DE50FC872C}"
EndProject
Project("{9A19103F-16F7-4668-BE54-9A1E7A4F7556}") = "DevGpt.Commands.Web", "DevGpt.Commands.Web\DevGpt.Commands.Web.csproj", "{B38020BF-D6AF-4F27-BD20-1E779378D3BC}"
EndProject
Project("{9A19103F-16F7-4668-BE54-9A1E7A4F7556}") = "DevGpt.Taskbased", "DevGpt.Taskbased\DevGpt.Taskbased.csproj", "{95AB84AD-3CAA-4F82-9412-AF79C57DF25C}"
EndProject
Project("{9A19103F-16F7-4668-BE54-9A1E7A4F7556}") = "DevGpt.Commands", "DevGpt.Commands\DevGpt.Commands.csproj", "{72C3A2DB-6364-4899-A4AD-553C880EA99E}"
EndProject
Project("{9A19103F-16F7-4668-BE54-9A1E7A4F7556}") = "DevGpt.Taskbased.Test", "DevGpt.Taskbased.Test\DevGpt.Taskbased.Test.csproj", "{76C538AF-EA5D-4D70-8924-D10B87182235}"
EndProject
Project("{9A19103F-16F7-4668-BE54-9A1E7A4F7556}") = "DevGpt.OpenAI.RedisCache", "DevGpt.OpenAI.RedisCache\DevGpt.OpenAI.RedisCache.csproj", "{E2152E03-9719-45CE-BCB4-6A34F35A2412}"
EndProject
Project("{9A19103F-16F7-4668-BE54-9A1E7A4F7556}") = "DevGpt.OpenAI.RedisCache.Test", "DevGpt.OpenAI.RedisCache.Test\DevGpt.OpenAI.RedisCache.Test.csproj", "{2C7AFF1C-A4A4-452D-BEB4-8398821F4284}"
EndProject
Project("{9A19103F-16F7-4668-BE54-9A1E7A4F7556}") = "DevGpt.SemanticKernel", "DevGpt.SemanticKernel\DevGpt.SemanticKernel.csproj", "{A8626AA1-D0B6-4C34-8782-A44DD088BD8E}"
EndProject
Project("{9A19103F-16F7-4668-BE54-9A1E7A4F7556}") = "DevGpt.Commands.Web.Test", "DevGpt.Commands.Web.Test\DevGpt.Commands.Web.Test.csproj", "{039FE5FB-13CE-4B03-98B6-B76F75E70148}"
EndProject
Project("{9A19103F-16F7-4668-BE54-9A1E7A4F7556}") = "DevGpt.OpenAI.Test", "DevGpt.OpenAI.Test\DevGpt.OpenAI.Test.csproj", "{3125A694-DFC1-42F6-9F9D-D1E5322F14EB}"
EndProject
Project("{FAE04EC0-301F-11D3-BF4B-00C04F79EFBC}") = "DevGpt.Images", "DevGpt.Images\DevGpt.Images.csproj", "{CE056E6C-980A-4672-B025-FE236DC18C61}"
EndProject
Project("{9A19103F-16F7-4668-BE54-9A1E7A4F7556}") = "DevGpt.AzureOpenAI", "DevGpt.AzureOpenAI\DevGpt.AzureOpenAI.csproj", "{8F09A676-79BD-4009-95B0-CCDFA62747EE}"
EndProject
Global
	GlobalSection(SolutionConfigurationPlatforms) = preSolution
		Debug|Any CPU = Debug|Any CPU
		Release|Any CPU = Release|Any CPU
	EndGlobalSection
	GlobalSection(ProjectConfigurationPlatforms) = postSolution
		{D2CA624E-A583-4874-B1C1-8B2682C84DFC}.Debug|Any CPU.ActiveCfg = Debug|Any CPU
		{D2CA624E-A583-4874-B1C1-8B2682C84DFC}.Debug|Any CPU.Build.0 = Debug|Any CPU
		{D2CA624E-A583-4874-B1C1-8B2682C84DFC}.Release|Any CPU.ActiveCfg = Release|Any CPU
		{D2CA624E-A583-4874-B1C1-8B2682C84DFC}.Release|Any CPU.Build.0 = Release|Any CPU
		{29B98480-D823-4427-9F04-AD71E96D16B1}.Debug|Any CPU.ActiveCfg = Debug|Any CPU
		{29B98480-D823-4427-9F04-AD71E96D16B1}.Debug|Any CPU.Build.0 = Debug|Any CPU
		{29B98480-D823-4427-9F04-AD71E96D16B1}.Release|Any CPU.ActiveCfg = Release|Any CPU
		{29B98480-D823-4427-9F04-AD71E96D16B1}.Release|Any CPU.Build.0 = Release|Any CPU
		{C4BB93D1-D6DB-41F5-8E4B-77BDA15813D4}.Debug|Any CPU.ActiveCfg = Debug|Any CPU
		{C4BB93D1-D6DB-41F5-8E4B-77BDA15813D4}.Debug|Any CPU.Build.0 = Debug|Any CPU
		{C4BB93D1-D6DB-41F5-8E4B-77BDA15813D4}.Release|Any CPU.ActiveCfg = Release|Any CPU
		{C4BB93D1-D6DB-41F5-8E4B-77BDA15813D4}.Release|Any CPU.Build.0 = Release|Any CPU
		{85F8D154-6829-45E6-B2F7-CBF83E16055C}.Debug|Any CPU.ActiveCfg = Debug|Any CPU
		{85F8D154-6829-45E6-B2F7-CBF83E16055C}.Debug|Any CPU.Build.0 = Debug|Any CPU
		{85F8D154-6829-45E6-B2F7-CBF83E16055C}.Release|Any CPU.ActiveCfg = Release|Any CPU
		{85F8D154-6829-45E6-B2F7-CBF83E16055C}.Release|Any CPU.Build.0 = Release|Any CPU
		{8E002428-EA9A-4692-91CA-04DE50FC872C}.Debug|Any CPU.ActiveCfg = Debug|Any CPU
		{8E002428-EA9A-4692-91CA-04DE50FC872C}.Debug|Any CPU.Build.0 = Debug|Any CPU
		{8E002428-EA9A-4692-91CA-04DE50FC872C}.Release|Any CPU.ActiveCfg = Release|Any CPU
		{8E002428-EA9A-4692-91CA-04DE50FC872C}.Release|Any CPU.Build.0 = Release|Any CPU
		{B38020BF-D6AF-4F27-BD20-1E779378D3BC}.Debug|Any CPU.ActiveCfg = Debug|Any CPU
		{B38020BF-D6AF-4F27-BD20-1E779378D3BC}.Debug|Any CPU.Build.0 = Debug|Any CPU
		{B38020BF-D6AF-4F27-BD20-1E779378D3BC}.Release|Any CPU.ActiveCfg = Release|Any CPU
		{B38020BF-D6AF-4F27-BD20-1E779378D3BC}.Release|Any CPU.Build.0 = Release|Any CPU
		{95AB84AD-3CAA-4F82-9412-AF79C57DF25C}.Debug|Any CPU.ActiveCfg = Debug|Any CPU
		{95AB84AD-3CAA-4F82-9412-AF79C57DF25C}.Debug|Any CPU.Build.0 = Debug|Any CPU
		{95AB84AD-3CAA-4F82-9412-AF79C57DF25C}.Release|Any CPU.ActiveCfg = Release|Any CPU
		{95AB84AD-3CAA-4F82-9412-AF79C57DF25C}.Release|Any CPU.Build.0 = Release|Any CPU
		{72C3A2DB-6364-4899-A4AD-553C880EA99E}.Debug|Any CPU.ActiveCfg = Debug|Any CPU
		{72C3A2DB-6364-4899-A4AD-553C880EA99E}.Debug|Any CPU.Build.0 = Debug|Any CPU
		{72C3A2DB-6364-4899-A4AD-553C880EA99E}.Release|Any CPU.ActiveCfg = Release|Any CPU
		{72C3A2DB-6364-4899-A4AD-553C880EA99E}.Release|Any CPU.Build.0 = Release|Any CPU
		{76C538AF-EA5D-4D70-8924-D10B87182235}.Debug|Any CPU.ActiveCfg = Debug|Any CPU
		{76C538AF-EA5D-4D70-8924-D10B87182235}.Debug|Any CPU.Build.0 = Debug|Any CPU
		{76C538AF-EA5D-4D70-8924-D10B87182235}.Release|Any CPU.ActiveCfg = Release|Any CPU
		{76C538AF-EA5D-4D70-8924-D10B87182235}.Release|Any CPU.Build.0 = Release|Any CPU
		{E2152E03-9719-45CE-BCB4-6A34F35A2412}.Debug|Any CPU.ActiveCfg = Debug|Any CPU
		{E2152E03-9719-45CE-BCB4-6A34F35A2412}.Debug|Any CPU.Build.0 = Debug|Any CPU
		{E2152E03-9719-45CE-BCB4-6A34F35A2412}.Release|Any CPU.ActiveCfg = Release|Any CPU
		{E2152E03-9719-45CE-BCB4-6A34F35A2412}.Release|Any CPU.Build.0 = Release|Any CPU
		{2C7AFF1C-A4A4-452D-BEB4-8398821F4284}.Debug|Any CPU.ActiveCfg = Debug|Any CPU
		{2C7AFF1C-A4A4-452D-BEB4-8398821F4284}.Debug|Any CPU.Build.0 = Debug|Any CPU
		{2C7AFF1C-A4A4-452D-BEB4-8398821F4284}.Release|Any CPU.ActiveCfg = Release|Any CPU
		{2C7AFF1C-A4A4-452D-BEB4-8398821F4284}.Release|Any CPU.Build.0 = Release|Any CPU
		{A8626AA1-D0B6-4C34-8782-A44DD088BD8E}.Debug|Any CPU.ActiveCfg = Debug|Any CPU
		{A8626AA1-D0B6-4C34-8782-A44DD088BD8E}.Debug|Any CPU.Build.0 = Debug|Any CPU
		{A8626AA1-D0B6-4C34-8782-A44DD088BD8E}.Release|Any CPU.ActiveCfg = Release|Any CPU
		{A8626AA1-D0B6-4C34-8782-A44DD088BD8E}.Release|Any CPU.Build.0 = Release|Any CPU
		{039FE5FB-13CE-4B03-98B6-B76F75E70148}.Debug|Any CPU.ActiveCfg = Debug|Any CPU
		{039FE5FB-13CE-4B03-98B6-B76F75E70148}.Debug|Any CPU.Build.0 = Debug|Any CPU
		{039FE5FB-13CE-4B03-98B6-B76F75E70148}.Release|Any CPU.ActiveCfg = Release|Any CPU
		{039FE5FB-13CE-4B03-98B6-B76F75E70148}.Release|Any CPU.Build.0 = Release|Any CPU
		{3125A694-DFC1-42F6-9F9D-D1E5322F14EB}.Debug|Any CPU.ActiveCfg = Debug|Any CPU
		{3125A694-DFC1-42F6-9F9D-D1E5322F14EB}.Debug|Any CPU.Build.0 = Debug|Any CPU
		{3125A694-DFC1-42F6-9F9D-D1E5322F14EB}.Release|Any CPU.ActiveCfg = Release|Any CPU
		{3125A694-DFC1-42F6-9F9D-D1E5322F14EB}.Release|Any CPU.Build.0 = Release|Any CPU
		{CE056E6C-980A-4672-B025-FE236DC18C61}.Debug|Any CPU.ActiveCfg = Debug|Any CPU
		{CE056E6C-980A-4672-B025-FE236DC18C61}.Debug|Any CPU.Build.0 = Debug|Any CPU
		{CE056E6C-980A-4672-B025-FE236DC18C61}.Release|Any CPU.ActiveCfg = Release|Any CPU
		{CE056E6C-980A-4672-B025-FE236DC18C61}.Release|Any CPU.Build.0 = Release|Any CPU
		{8F09A676-79BD-4009-95B0-CCDFA62747EE}.Debug|Any CPU.ActiveCfg = Debug|Any CPU
		{8F09A676-79BD-4009-95B0-CCDFA62747EE}.Debug|Any CPU.Build.0 = Debug|Any CPU
		{8F09A676-79BD-4009-95B0-CCDFA62747EE}.Release|Any CPU.ActiveCfg = Release|Any CPU
		{8F09A676-79BD-4009-95B0-CCDFA62747EE}.Release|Any CPU.Build.0 = Release|Any CPU
	EndGlobalSection
	GlobalSection(SolutionProperties) = preSolution
		HideSolutionNode = FALSE
	EndGlobalSection
	GlobalSection(ExtensibilityGlobals) = postSolution
		SolutionGuid = {6584406E-4086-4F37-87D6-CB40F01F3699}
	EndGlobalSection
EndGlobal
